
Microsoft Visual Studio Solution File, Format Version 12.00
# Visual Studio 15
VisualStudioVersion = 15.0.28307.1300
MinimumVisualStudioVersion = 10.0.40219.1
Project("{FAE04EC0-301F-11D3-BF4B-00C04F79EFBC}") = "EmpRegistration", "EmpRegistration\EmpRegistration.csproj", "{B43CE245-BEAC-4613-A6C7-DAD172067C80}"
EndProject
Global
	GlobalSection(SolutionConfigurationPlatforms) = preSolution
		Debug|Any CPU = Debug|Any CPU
		Release|Any CPU = Release|Any CPU
	EndGlobalSection
	GlobalSection(ProjectConfigurationPlatforms) = postSolution
		{B43CE245-BEAC-4613-A6C7-DAD172067C80}.Debug|Any CPU.ActiveCfg = Debug|Any CPU
		{B43CE245-BEAC-4613-A6C7-DAD172067C80}.Debug|Any CPU.Build.0 = Debug|Any CPU
		{B43CE245-BEAC-4613-A6C7-DAD172067C80}.Release|Any CPU.ActiveCfg = Release|Any CPU
		{B43CE245-BEAC-4613-A6C7-DAD172067C80}.Release|Any CPU.Build.0 = Release|Any CPU
	EndGlobalSection
	GlobalSection(SolutionProperties) = preSolution
		HideSolutionNode = FALSE
	EndGlobalSection
	GlobalSection(ExtensibilityGlobals) = postSolution
		SolutionGuid = {BF798863-1DF0-46F7-87E0-54E5ADA92BDF}
	EndGlobalSection
EndGlobal
